
Microsoft Visual Studio Solution File, Format Version 12.00
# Visual Studio 15
VisualStudioVersion = 15.0.27130.2027
MinimumVisualStudioVersion = 10.0.40219.1
Project("{FAE04EC0-301F-11D3-BF4B-00C04F79EFBC}") = "JourneyTeam.Xrm", "JourneyTeam.Xrm\JourneyTeam.Xrm.csproj", "{2CAF9AFC-1BF6-4A38-A3B0-5122B6369A4E}"
EndProject
Project("{2150E333-8FDC-42A3-9474-1A3956D46DE8}") = "Solution Items", "Solution Items", "{FA10060A-DF8A-452B-87FF-CA18212959DA}"
	ProjectSection(SolutionItems) = preProject
		..\.gitignore = ..\.gitignore
		..\README.md = ..\README.md
	EndProjectSection
EndProject
Project("{FAE04EC0-301F-11D3-BF4B-00C04F79EFBC}") = "JourneyTeam.Xrm.Sample", "JourneyTeam.Xrm.Sample\JourneyTeam.Xrm.Sample.csproj", "{B0085D07-CA44-43D4-9E66-07FB6ADFDC0F}"
EndProject
Global
	GlobalSection(SolutionConfigurationPlatforms) = preSolution
		Debug|Any CPU = Debug|Any CPU
		Release|Any CPU = Release|Any CPU
	EndGlobalSection
	GlobalSection(ProjectConfigurationPlatforms) = postSolution
		{2CAF9AFC-1BF6-4A38-A3B0-5122B6369A4E}.Debug|Any CPU.ActiveCfg = Debug|Any CPU
		{2CAF9AFC-1BF6-4A38-A3B0-5122B6369A4E}.Debug|Any CPU.Build.0 = Debug|Any CPU
		{2CAF9AFC-1BF6-4A38-A3B0-5122B6369A4E}.Release|Any CPU.ActiveCfg = Release|Any CPU
		{2CAF9AFC-1BF6-4A38-A3B0-5122B6369A4E}.Release|Any CPU.Build.0 = Release|Any CPU
		{B0085D07-CA44-43D4-9E66-07FB6ADFDC0F}.Debug|Any CPU.ActiveCfg = Debug|Any CPU
		{B0085D07-CA44-43D4-9E66-07FB6ADFDC0F}.Debug|Any CPU.Build.0 = Debug|Any CPU
		{B0085D07-CA44-43D4-9E66-07FB6ADFDC0F}.Release|Any CPU.ActiveCfg = Release|Any CPU
		{B0085D07-CA44-43D4-9E66-07FB6ADFDC0F}.Release|Any CPU.Build.0 = Release|Any CPU
	EndGlobalSection
	GlobalSection(SolutionProperties) = preSolution
		HideSolutionNode = FALSE
	EndGlobalSection
	GlobalSection(ExtensibilityGlobals) = postSolution
		SolutionGuid = {2C8B85E0-76D5-498A-A3CF-318F59E651D7}
	EndGlobalSection
EndGlobal
